
Microsoft Visual Studio Solution File, Format Version 12.00
# Visual Studio Version 17
VisualStudioVersion = 17.0.31903.59
MinimumVisualStudioVersion = 10.0.40219.1
Project("{2150E333-8FDC-42A3-9474-1A3956D46DE8}") = "src", "src", "{E47B848A-B13B-49FC-A53B-00FBE4376981}"
EndProject
Project("{FAE04EC0-301F-11D3-BF4B-00C04F79EFBC}") = "AreaRec.Core", "src\AreaRec.Core\AreaRec.Core.csproj", "{6BF2F145-776E-4E38-9FE6-E474CE4EE34F}"
EndProject
Project("{FAE04EC0-301F-11D3-BF4B-00C04F79EFBC}") = "AreaRec.Capture", "src\AreaRec.Capture\AreaRec.Capture.csproj", "{19895B38-BEE9-4100-8120-D0DD4F886C68}"
EndProject
Project("{FAE04EC0-301F-11D3-BF4B-00C04F79EFBC}") = "AreaRec.Graphics", "src\AreaRec.Graphics\AreaRec.Graphics.csproj", "{4F564269-1E85-456B-B123-BCF24C29293B}"
EndProject
Project("{FAE04EC0-301F-11D3-BF4B-00C04F79EFBC}") = "AreaRec.Media", "src\AreaRec.Media\AreaRec.Media.csproj", "{07C4FCC0-16C0-42F8-913A-384BC6298E15}"
EndProject
Project("{FAE04EC0-301F-11D3-BF4B-00C04F79EFBC}") = "AreaRec.Platform.Windows", "src\AreaRec.Platform.Windows\AreaRec.Platform.Windows.csproj", "{E57B3BC9-11B6-4AE2-9AB4-A0D017619CBC}"
EndProject
Project("{FAE04EC0-301F-11D3-BF4B-00C04F79EFBC}") = "AreaRec.App", "src\AreaRec.App\AreaRec.App.csproj", "{1BFD2FF8-169E-4C44-8EF7-AF0A99246C76}"
EndProject
Project("{2150E333-8FDC-42A3-9474-1A3956D46DE8}") = "tests", "tests", "{A4403A1B-67C8-47C8-9364-BB78772A1050}"
EndProject
Project("{FAE04EC0-301F-11D3-BF4B-00C04F79EFBC}") = "AreaRec.Core.Tests", "tests\AreaRec.Core.Tests\AreaRec.Core.Tests.csproj", "{994267F0-7F23-43E7-85C3-A4AFDF057492}"
EndProject
Project("{FAE04EC0-301F-11D3-BF4B-00C04F79EFBC}") = "AreaRec.Capture.Smoke", "tests\AreaRec.Capture.Smoke\AreaRec.Capture.Smoke.csproj", "{5FDD7C34-DFE0-4643-89FF-589779D73E7E}"
EndProject
Project("{FAE04EC0-301F-11D3-BF4B-00C04F79EFBC}") = "AreaRec.Media.Smoke", "tests\AreaRec.Media.Smoke\AreaRec.Media.Smoke.csproj", "{53E8EFC5-A2C6-4C6E-B634-5747935782C0}"
EndProject
Project("{FAE04EC0-301F-11D3-BF4B-00C04F79EFBC}") = "AreaRec.EndToEnd.Smoke", "tests\AreaRec.EndToEnd.Smoke\AreaRec.EndToEnd.Smoke.csproj", "{18AA7095-15F8-4E19-87E7-315A46061FA5}"
EndProject
Project("{FAE04EC0-301F-11D3-BF4B-00C04F79EFBC}") = "AreaRec.App.Smoke", "tests\AreaRec.App.Smoke\AreaRec.App.Smoke.csproj", "{0A5B13D6-2C5F-48BB-91AB-8C09C6F2EA8D}"
EndProject
Global
	GlobalSection(SolutionConfigurationPlatforms) = preSolution
		Debug|Any CPU = Debug|Any CPU
		Release|Any CPU = Release|Any CPU
	EndGlobalSection
	GlobalSection(SolutionProperties) = preSolution
		HideSolutionNode = FALSE
	EndGlobalSection
	GlobalSection(ProjectConfigurationPlatforms) = postSolution
		{6BF2F145-776E-4E38-9FE6-E474CE4EE34F}.Debug|Any CPU.ActiveCfg = Debug|Any CPU
		{6BF2F145-776E-4E38-9FE6-E474CE4EE34F}.Debug|Any CPU.Build.0 = Debug|Any CPU
		{6BF2F145-776E-4E38-9FE6-E474CE4EE34F}.Release|Any CPU.ActiveCfg = Release|Any CPU
		{6BF2F145-776E-4E38-9FE6-E474CE4EE34F}.Release|Any CPU.Build.0 = Release|Any CPU
		{19895B38-BEE9-4100-8120-D0DD4F886C68}.Debug|Any CPU.ActiveCfg = Debug|Any CPU
		{19895B38-BEE9-4100-8120-D0DD4F886C68}.Debug|Any CPU.Build.0 = Debug|Any CPU
		{19895B38-BEE9-4100-8120-D0DD4F886C68}.Release|Any CPU.ActiveCfg = Release|Any CPU
		{19895B38-BEE9-4100-8120-D0DD4F886C68}.Release|Any CPU.Build.0 = Release|Any CPU
		{4F564269-1E85-456B-B123-BCF24C29293B}.Debug|Any CPU.ActiveCfg = Debug|Any CPU
		{4F564269-1E85-456B-B123-BCF24C29293B}.Debug|Any CPU.Build.0 = Debug|Any CPU
		{4F564269-1E85-456B-B123-BCF24C29293B}.Release|Any CPU.ActiveCfg = Release|Any CPU
		{4F564269-1E85-456B-B123-BCF24C29293B}.Release|Any CPU.Build.0 = Release|Any CPU
		{07C4FCC0-16C0-42F8-913A-384BC6298E15}.Debug|Any CPU.ActiveCfg = Debug|Any CPU
		{07C4FCC0-16C0-42F8-913A-384BC6298E15}.Debug|Any CPU.Build.0 = Debug|Any CPU
		{07C4FCC0-16C0-42F8-913A-384BC6298E15}.Release|Any CPU.ActiveCfg = Release|Any CPU
		{07C4FCC0-16C0-42F8-913A-384BC6298E15}.Release|Any CPU.Build.0 = Release|Any CPU
		{E57B3BC9-11B6-4AE2-9AB4-A0D017619CBC}.Debug|Any CPU.ActiveCfg = Debug|Any CPU
		{E57B3BC9-11B6-4AE2-9AB4-A0D017619CBC}.Debug|Any CPU.Build.0 = Debug|Any CPU
		{E57B3BC9-11B6-4AE2-9AB4-A0D017619CBC}.Release|Any CPU.ActiveCfg = Release|Any CPU
		{E57B3BC9-11B6-4AE2-9AB4-A0D017619CBC}.Release|Any CPU.Build.0 = Release|Any CPU
		{1BFD2FF8-169E-4C44-8EF7-AF0A99246C76}.Debug|Any CPU.ActiveCfg = Debug|Any CPU
		{1BFD2FF8-169E-4C44-8EF7-AF0A99246C76}.Debug|Any CPU.Build.0 = Debug|Any CPU
		{1BFD2FF8-169E-4C44-8EF7-AF0A99246C76}.Release|Any CPU.ActiveCfg = Release|Any CPU
		{1BFD2FF8-169E-4C44-8EF7-AF0A99246C76}.Release|Any CPU.Build.0 = Release|Any CPU
		{994267F0-7F23-43E7-85C3-A4AFDF057492}.Debug|Any CPU.ActiveCfg = Debug|Any CPU
		{994267F0-7F23-43E7-85C3-A4AFDF057492}.Debug|Any CPU.Build.0 = Debug|Any CPU
		{994267F0-7F23-43E7-85C3-A4AFDF057492}.Release|Any CPU.ActiveCfg = Release|Any CPU
		{994267F0-7F23-43E7-85C3-A4AFDF057492}.Release|Any CPU.Build.0 = Release|Any CPU
		{5FDD7C34-DFE0-4643-89FF-589779D73E7E}.Debug|Any CPU.ActiveCfg = Debug|Any CPU
		{5FDD7C34-DFE0-4643-89FF-589779D73E7E}.Debug|Any CPU.Build.0 = Debug|Any CPU
		{5FDD7C34-DFE0-4643-89FF-589779D73E7E}.Release|Any CPU.ActiveCfg = Release|Any CPU
		{5FDD7C34-DFE0-4643-89FF-589779D73E7E}.Release|Any CPU.Build.0 = Release|Any CPU
		{53E8EFC5-A2C6-4C6E-B634-5747935782C0}.Debug|Any CPU.ActiveCfg = Debug|Any CPU
		{53E8EFC5-A2C6-4C6E-B634-5747935782C0}.Debug|Any CPU.Build.0 = Debug|Any CPU
		{53E8EFC5-A2C6-4C6E-B634-5747935782C0}.Release|Any CPU.ActiveCfg = Release|Any CPU
		{53E8EFC5-A2C6-4C6E-B634-5747935782C0}.Release|Any CPU.Build.0 = Release|Any CPU
		{18AA7095-15F8-4E19-87E7-315A46061FA5}.Debug|Any CPU.ActiveCfg = Debug|Any CPU
		{18AA7095-15F8-4E19-87E7-315A46061FA5}.Debug|Any CPU.Build.0 = Debug|Any CPU
		{18AA7095-15F8-4E19-87E7-315A46061FA5}.Release|Any CPU.ActiveCfg = Release|Any CPU
		{18AA7095-15F8-4E19-87E7-315A46061FA5}.Release|Any CPU.Build.0 = Release|Any CPU
		{0A5B13D6-2C5F-48BB-91AB-8C09C6F2EA8D}.Debug|Any CPU.ActiveCfg = Debug|Any CPU
		{0A5B13D6-2C5F-48BB-91AB-8C09C6F2EA8D}.Debug|Any CPU.Build.0 = Debug|Any CPU
		{0A5B13D6-2C5F-48BB-91AB-8C09C6F2EA8D}.Release|Any CPU.ActiveCfg = Release|Any CPU
		{0A5B13D6-2C5F-48BB-91AB-8C09C6F2EA8D}.Release|Any CPU.Build.0 = Release|Any CPU
	EndGlobalSection
	GlobalSection(NestedProjects) = preSolution
		{6BF2F145-776E-4E38-9FE6-E474CE4EE34F} = {E47B848A-B13B-49FC-A53B-00FBE4376981}
		{19895B38-BEE9-4100-8120-D0DD4F886C68} = {E47B848A-B13B-49FC-A53B-00FBE4376981}
		{4F564269-1E85-456B-B123-BCF24C29293B} = {E47B848A-B13B-49FC-A53B-00FBE4376981}
		{07C4FCC0-16C0-42F8-913A-384BC6298E15} = {E47B848A-B13B-49FC-A53B-00FBE4376981}
		{E57B3BC9-11B6-4AE2-9AB4-A0D017619CBC} = {E47B848A-B13B-49FC-A53B-00FBE4376981}
		{1BFD2FF8-169E-4C44-8EF7-AF0A99246C76} = {E47B848A-B13B-49FC-A53B-00FBE4376981}
		{994267F0-7F23-43E7-85C3-A4AFDF057492} = {A4403A1B-67C8-47C8-9364-BB78772A1050}
		{5FDD7C34-DFE0-4643-89FF-589779D73E7E} = {A4403A1B-67C8-47C8-9364-BB78772A1050}
		{53E8EFC5-A2C6-4C6E-B634-5747935782C0} = {A4403A1B-67C8-47C8-9364-BB78772A1050}
		{18AA7095-15F8-4E19-87E7-315A46061FA5} = {A4403A1B-67C8-47C8-9364-BB78772A1050}
		{0A5B13D6-2C5F-48BB-91AB-8C09C6F2EA8D} = {A4403A1B-67C8-47C8-9364-BB78772A1050}
	EndGlobalSection
EndGlobal
